// !$*UTF8*$!
{
	archiveVersion = 1;
	classes = {
	};
	objectVersion = 51;
	objects = {

/* Begin PBXBuildFile section */
		05C1EF20FD8DC00223D78E45 /* Pods_SplitViewDemoTests.framework in Frameworks */ = {isa = PBXBuildFile; fileRef = DB83CC691D4E54F3CD7BF344 /* Pods_SplitViewDemoTests.framework */; };
		165FA682241F815C004305E8 /* AppDelegate.swift in Sources */ = {isa = PBXBuildFile; fileRef = 165FA681241F815C004305E8 /* AppDelegate.swift */; };
		165FA684241F815C004305E8 /* ViewController.swift in Sources */ = {isa = PBXBuildFile; fileRef = 165FA683241F815C004305E8 /* ViewController.swift */; };
		165FA686241F8164004305E8 /* Assets.xcassets in Resources */ = {isa = PBXBuildFile; fileRef = 165FA685241F8164004305E8 /* Assets.xcassets */; };
		165FA695241F8164004305E8 /* SplitViewDemoTests.swift in Sources */ = {isa = PBXBuildFile; fileRef = 165FA694241F8164004305E8 /* SplitViewDemoTests.swift */; };
		165FA6A0241F8164004305E8 /* SplitViewDemoUITests.swift in Sources */ = {isa = PBXBuildFile; fileRef = 165FA69F241F8164004305E8 /* SplitViewDemoUITests.swift */; };
		165FA6AE241F81D7004305E8 /* VerticalSplitViewController.swift in Sources */ = {isa = PBXBuildFile; fileRef = 165FA6AD241F81D7004305E8 /* VerticalSplitViewController.swift */; };
		165FA6B0241F8219004305E8 /* ContentViewController.swift in Sources */ = {isa = PBXBuildFile; fileRef = 165FA6AF241F8219004305E8 /* ContentViewController.swift */; };
		165FA6B2241F8649004305E8 /* MainWindowController.swift in Sources */ = {isa = PBXBuildFile; fileRef = 165FA6B1241F8649004305E8 /* MainWindowController.swift */; };
		165FA6B4241F86B7004305E8 /* main.swift in Sources */ = {isa = PBXBuildFile; fileRef = 165FA6B3241F86B6004305E8 /* main.swift */; };
		165FA6B8241F8925004305E8 /* ToolbarViewController.swift in Sources */ = {isa = PBXBuildFile; fileRef = 165FA6B7241F8925004305E8 /* ToolbarViewController.swift */; };
		165FA6BD241F8A46004305E8 /* PageAToolbarViewController.swift in Sources */ = {isa = PBXBuildFile; fileRef = 165FA6BC241F8A46004305E8 /* PageAToolbarViewController.swift */; };
		16702938242C2C6000E746DA /* SwitchLoginMain.swift in Sources */ = {isa = PBXBuildFile; fileRef = 16702937242C2C6000E746DA /* SwitchLoginMain.swift */; };
		1670293A242C2CD400E746DA /* LoginWindowController.swift in Sources */ = {isa = PBXBuildFile; fileRef = 16702939242C2CD400E746DA /* LoginWindowController.swift */; };
		1670293D242C2F9800E746DA /* LoginViewController.swift in Sources */ = {isa = PBXBuildFile; fileRef = 1670293C242C2F9800E746DA /* LoginViewController.swift */; };
		16B37E86241F8CF700342A08 /* EntranceListSplitViewController.swift in Sources */ = {isa = PBXBuildFile; fileRef = 16B37E85241F8CF700342A08 /* EntranceListSplitViewController.swift */; };
		16B37E88241F8D5E00342A08 /* EntranceTableViewController.swift in Sources */ = {isa = PBXBuildFile; fileRef = 16B37E87241F8D5E00342A08 /* EntranceTableViewController.swift */; };
		16B37E8A241F8D7400342A08 /* SettingViewController.swift in Sources */ = {isa = PBXBuildFile; fileRef = 16B37E89241F8D7400342A08 /* SettingViewController.swift */; };
		16B37E8C241F8EF400342A08 /* HorizontalSplitViewController.swift in Sources */ = {isa = PBXBuildFile; fileRef = 16B37E8B241F8EF400342A08 /* HorizontalSplitViewController.swift */; };
		16B37E97241F909F00342A08 /* RootDirListViewController.swift in Sources */ = {isa = PBXBuildFile; fileRef = 16B37E96241F909F00342A08 /* RootDirListViewController.swift */; };
		16B37E99241F90B400342A08 /* SubFileListViewController.swift in Sources */ = {isa = PBXBuildFile; fileRef = 16B37E98241F90B400342A08 /* SubFileListViewController.swift */; };
		16B37E9B241F90C700342A08 /* FileAttributeViewController.swift in Sources */ = {isa = PBXBuildFile; fileRef = 16B37E9A241F90C700342A08 /* FileAttributeViewController.swift */; };
		16B37E9D241F910100342A08 /* EntranceTabViewController.swift in Sources */ = {isa = PBXBuildFile; fileRef = 16B37E9C241F910100342A08 /* EntranceTabViewController.swift */; };
		16B37E9F241F94F900342A08 /* RootDirListSplitViewController.swift in Sources */ = {isa = PBXBuildFile; fileRef = 16B37E9E241F94F900342A08 /* RootDirListSplitViewController.swift */; };
		16B37EA3241F976700342A08 /* BaseSplitViewController.swift in Sources */ = {isa = PBXBuildFile; fileRef = 16B37EA2241F976700342A08 /* BaseSplitViewController.swift */; };
		16B37EA5241F977E00342A08 /* BaseSplitView.swift in Sources */ = {isa = PBXBuildFile; fileRef = 16B37EA4241F977E00342A08 /* BaseSplitView.swift */; };
		747166425EAA2C57FCF4C1B7 /* Pods_SplitViewDemo.framework in Frameworks */ = {isa = PBXBuildFile; fileRef = 5BAE63D3DE6ABF97DEE97FD8 /* Pods_SplitViewDemo.framework */; };
		BE9DA38FABD3598A726DB3B9 /* Pods_SplitViewDemo_SplitViewDemoUITests.framework in Frameworks */ = {isa = PBXBuildFile; fileRef = EDFAA0247953724382F82991 /* Pods_SplitViewDemo_SplitViewDemoUITests.framework */; };
/* End PBXBuildFile section */

/* Begin PBXContainerItemProxy section */
		165FA691241F8164004305E8 /* PBXContainerItemProxy */ = {
			isa = PBXContainerItemProxy;
			containerPortal = 165FA676241F815C004305E8 /* Project object */;
			proxyType = 1;
			remoteGlobalIDString = 165FA67D241F815C004305E8;
			remoteInfo = SplitViewDemo;
		};
		165FA69C241F8164004305E8 /* PBXContainerItemProxy */ = {
			isa = PBXContainerItemProxy;
			containerPortal = 165FA676241F815C004305E8 /* Project object */;
			proxyType = 1;
			remoteGlobalIDString = 165FA67D241F815C004305E8;
			remoteInfo = SplitViewDemo;
		};
/* End PBXContainerItemProxy section */

/* Begin PBXFileReference section */
		165FA67E241F815C004305E8 /* SplitViewDemo.app */ = {isa = PBXFileReference; explicitFileType = wrapper.application; includeInIndex = 0; path = SplitViewDemo.app; sourceTree = BUILT_PRODUCTS_DIR; };
		165FA681241F815C004305E8 /* AppDelegate.swift */ = {isa = PBXFileReference; lastKnownFileType = sourcecode.swift; path = AppDelegate.swift; sourceTree = "<group>"; };
		165FA683241F815C004305E8 /* ViewController.swift */ = {isa = PBXFileReference; lastKnownFileType = sourcecode.swift; path = ViewController.swift; sourceTree = "<group>"; };
		165FA685241F8164004305E8 /* Assets.xcassets */ = {isa = PBXFileReference; lastKnownFileType = folder.assetcatalog; path = Assets.xcassets; sourceTree = "<group>"; };
		165FA68A241F8164004305E8 /* Info.plist */ = {isa = PBXFileReference; lastKnownFileType = text.plist.xml; path = Info.plist; sourceTree = "<group>"; };
		165FA68B241F8164004305E8 /* SplitViewDemo.entitlements */ = {isa = PBXFileReference; lastKnownFileType = text.plist.entitlements; path = SplitViewDemo.entitlements; sourceTree = "<group>"; };
		165FA690241F8164004305E8 /* SplitViewDemoTests.xctest */ = {isa = PBXFileReference; explicitFileType = wrapper.cfbundle; includeInIndex = 0; path = SplitViewDemoTests.xctest; sourceTree = BUILT_PRODUCTS_DIR; };
		165FA694241F8164004305E8 /* SplitViewDemoTests.swift */ = {isa = PBXFileReference; lastKnownFileType = sourcecode.swift; path = SplitViewDemoTests.swift; sourceTree = "<group>"; };
		165FA696241F8164004305E8 /* Info.plist */ = {isa = PBXFileReference; lastKnownFileType = text.plist.xml; path = Info.plist; sourceTree = "<group>"; };
		165FA69B241F8164004305E8 /* SplitViewDemoUITests.xctest */ = {isa = PBXFileReference; explicitFileType = wrapper.cfbundle; includeInIndex = 0; path = SplitViewDemoUITests.xctest; sourceTree = BUILT_PRODUCTS_DIR; };
		165FA69F241F8164004305E8 /* SplitViewDemoUITests.swift */ = {isa = PBXFileReference; lastKnownFileType = sourcecode.swift; path = SplitViewDemoUITests.swift; sourceTree = "<group>"; };
		165FA6A1241F8164004305E8 /* Info.plist */ = {isa = PBXFileReference; lastKnownFileType = text.plist.xml; path = Info.plist; sourceTree = "<group>"; };
		165FA6AD241F81D7004305E8 /* VerticalSplitViewController.swift */ = {isa = PBXFileReference; lastKnownFileType = sourcecode.swift; path = VerticalSplitViewController.swift; sourceTree = "<group>"; };
		165FA6AF241F8219004305E8 /* ContentViewController.swift */ = {isa = PBXFileReference; lastKnownFileType = sourcecode.swift; path = ContentViewController.swift; sourceTree = "<group>"; };
		165FA6B1241F8649004305E8 /* MainWindowController.swift */ = {isa = PBXFileReference; lastKnownFileType = sourcecode.swift; path = MainWindowController.swift; sourceTree = "<group>"; };
		165FA6B3241F86B6004305E8 /* main.swift */ = {isa = PBXFileReference; fileEncoding = 4; lastKnownFileType = sourcecode.swift; path = main.swift; sourceTree = "<group>"; };
		165FA6B7241F8925004305E8 /* ToolbarViewController.swift */ = {isa = PBXFileReference; lastKnownFileType = sourcecode.swift; path = ToolbarViewController.swift; sourceTree = "<group>"; };
		165FA6BC241F8A46004305E8 /* PageAToolbarViewController.swift */ = {isa = PBXFileReference; lastKnownFileType = sourcecode.swift; path = PageAToolbarViewController.swift; sourceTree = "<group>"; };
		16702937242C2C6000E746DA /* SwitchLoginMain.swift */ = {isa = PBXFileReference; lastKnownFileType = sourcecode.swift; path = SwitchLoginMain.swift; sourceTree = "<group>"; };
		16702939242C2CD400E746DA /* LoginWindowController.swift */ = {isa = PBXFileReference; lastKnownFileType = sourcecode.swift; path = LoginWindowController.swift; sourceTree = "<group>"; };
		1670293C242C2F9800E746DA /* LoginViewController.swift */ = {isa = PBXFileReference; lastKnownFileType = sourcecode.swift; path = LoginViewController.swift; sourceTree = "<group>"; };
		16B37E85241F8CF700342A08 /* EntranceListSplitViewController.swift */ = {isa = PBXFileReference; lastKnownFileType = sourcecode.swift; path = EntranceListSplitViewController.swift; sourceTree = "<group>"; };
		16B37E87241F8D5E00342A08 /* EntranceTableViewController.swift */ = {isa = PBXFileReference; lastKnownFileType = sourcecode.swift; path = EntranceTableViewController.swift; sourceTree = "<group>"; };
		16B37E89241F8D7400342A08 /* SettingViewController.swift */ = {isa = PBXFileReference; lastKnownFileType = sourcecode.swift; path = SettingViewController.swift; sourceTree = "<group>"; };
		16B37E8B241F8EF400342A08 /* HorizontalSplitViewController.swift */ = {isa = PBXFileReference; lastKnownFileType = sourcecode.swift; path = HorizontalSplitViewController.swift; sourceTree = "<group>"; };
		16B37E96241F909F00342A08 /* RootDirListViewController.swift */ = {isa = PBXFileReference; lastKnownFileType = sourcecode.swift; path = RootDirListViewController.swift; sourceTree = "<group>"; };
		16B37E98241F90B400342A08 /* SubFileListViewController.swift */ = {isa = PBXFileReference; lastKnownFileType = sourcecode.swift; path = SubFileListViewController.swift; sourceTree = "<group>"; };
		16B37E9A241F90C700342A08 /* FileAttributeViewController.swift */ = {isa = PBXFileReference; lastKnownFileType = sourcecode.swift; path = FileAttributeViewController.swift; sourceTree = "<group>"; };
		16B37E9C241F910100342A08 /* EntranceTabViewController.swift */ = {isa = PBXFileReference; lastKnownFileType = sourcecode.swift; path = EntranceTabViewController.swift; sourceTree = "<group>"; };
		16B37E9E241F94F900342A08 /* RootDirListSplitViewController.swift */ = {isa = PBXFileReference; lastKnownFileType = sourcecode.swift; path = RootDirListSplitViewController.swift; sourceTree = "<group>"; };
		16B37EA2241F976700342A08 /* BaseSplitViewController.swift */ = {isa = PBXFileReference; lastKnownFileType = sourcecode.swift; path = BaseSplitViewController.swift; sourceTree = "<group>"; };
		16B37EA4241F977E00342A08 /* BaseSplitView.swift */ = {isa = PBXFileReference; lastKnownFileType = sourcecode.swift; path = BaseSplitView.swift; sourceTree = "<group>"; };
		2072925D0FF25D7640E74A75 /* Pods-SplitViewDemo.debug.xcconfig */ = {isa = PBXFileReference; includeInIndex = 1; lastKnownFileType = text.xcconfig; name = "Pods-SplitViewDemo.debug.xcconfig"; path = "Target Support Files/Pods-SplitViewDemo/Pods-SplitViewDemo.debug.xcconfig"; sourceTree = "<group>"; };
		23BB078D6AB5F23D3C5CA1C1 /* Pods-SplitViewDemoTests.debug.xcconfig */ = {isa = PBXFileReference; includeInIndex = 1; lastKnownFileType = text.xcconfig; name = "Pods-SplitViewDemoTests.debug.xcconfig"; path = "Target Support Files/Pods-SplitViewDemoTests/Pods-SplitViewDemoTests.debug.xcconfig"; sourceTree = "<group>"; };
		45D91D2BEF1FE69EE9E18F98 /* Pods-SplitViewDemo-SplitViewDemoUITests.debug.xcconfig */ = {isa = PBXFileReference; includeInIndex = 1; lastKnownFileType = text.xcconfig; name = "Pods-SplitViewDemo-SplitViewDemoUITests.debug.xcconfig"; path = "Target Support Files/Pods-SplitViewDemo-SplitViewDemoUITests/Pods-SplitViewDemo-SplitViewDemoUITests.debug.xcconfig"; sourceTree = "<group>"; };
		5BAE63D3DE6ABF97DEE97FD8 /* Pods_SplitViewDemo.framework */ = {isa = PBXFileReference; explicitFileType = wrapper.framework; includeInIndex = 0; path = Pods_SplitViewDemo.framework; sourceTree = BUILT_PRODUCTS_DIR; };
		96B3CAED54D96CDF513E4EF3 /* Pods-SplitViewDemoTests.release.xcconfig */ = {isa = PBXFileReference; includeInIndex = 1; lastKnownFileType = text.xcconfig; name = "Pods-SplitViewDemoTests.release.xcconfig"; path = "Target Support Files/Pods-SplitViewDemoTests/Pods-SplitViewDemoTests.release.xcconfig"; sourceTree = "<group>"; };
		A6692670802154F5E9D6AFAB /* Pods-SplitViewDemo.release.xcconfig */ = {isa = PBXFileReference; includeInIndex = 1; lastKnownFileType = text.xcconfig; name = "Pods-SplitViewDemo.release.xcconfig"; path = "Target Support Files/Pods-SplitViewDemo/Pods-SplitViewDemo.release.xcconfig"; sourceTree = "<group>"; };
		DB83CC691D4E54F3CD7BF344 /* Pods_SplitViewDemoTests.framework */ = {isa = PBXFileReference; explicitFileType = wrapper.framework; includeInIndex = 0; path = Pods_SplitViewDemoTests.framework; sourceTree = BUILT_PRODUCTS_DIR; };
		EDFAA0247953724382F82991 /* Pods_SplitViewDemo_SplitViewDemoUITests.framework */ = {isa = PBXFileReference; explicitFileType = wrapper.framework; includeInIndex = 0; path = Pods_SplitViewDemo_SplitViewDemoUITests.framework; sourceTree = BUILT_PRODUCTS_DIR; };
		F65DE76D4ED2A9CEC71BEB1C /* Pods-SplitViewDemo-SplitViewDemoUITests.release.xcconfig */ = {isa = PBXFileReference; includeInIndex = 1; lastKnownFileType = text.xcconfig; name = "Pods-SplitViewDemo-SplitViewDemoUITests.release.xcconfig"; path = "Target Support Files/Pods-SplitViewDemo-SplitViewDemoUITests/Pods-SplitViewDemo-SplitViewDemoUITests.release.xcconfig"; sourceTree = "<group>"; };
/* End PBXFileReference section */

/* Begin PBXFrameworksBuildPhase section */
		165FA67B241F815C004305E8 /* Frameworks */ = {
			isa = PBXFrameworksBuildPhase;
			buildActionMask = 2147483647;
			files = (
				747166425EAA2C57FCF4C1B7 /* Pods_SplitViewDemo.framework in Frameworks */,
			);
			runOnlyForDeploymentPostprocessing = 0;
		};
		165FA68D241F8164004305E8 /* Frameworks */ = {
			isa = PBXFrameworksBuildPhase;
			buildActionMask = 2147483647;
			files = (
				05C1EF20FD8DC00223D78E45 /* Pods_SplitViewDemoTests.framework in Frameworks */,
			);
			runOnlyForDeploymentPostprocessing = 0;
		};
		165FA698241F8164004305E8 /* Frameworks */ = {
			isa = PBXFrameworksBuildPhase;
			buildActionMask = 2147483647;
			files = (
				BE9DA38FABD3598A726DB3B9 /* Pods_SplitViewDemo_SplitViewDemoUITests.framework in Frameworks */,
			);
			runOnlyForDeploymentPostprocessing = 0;
		};
/* End PBXFrameworksBuildPhase section */

/* Begin PBXGroup section */
		165FA675241F815C004305E8 = {
			isa = PBXGroup;
			children = (
				165FA680241F815C004305E8 /* SplitViewDemo */,
				165FA693241F8164004305E8 /* SplitViewDemoTests */,
				165FA69E241F8164004305E8 /* SplitViewDemoUITests */,
				165FA67F241F815C004305E8 /* Products */,
				3EF07AD5EAD9106BB2E75743 /* Pods */,
				E196D4687162331EEDA61FC8 /* Frameworks */,
			);
			sourceTree = "<group>";
		};
		165FA67F241F815C004305E8 /* Products */ = {
			isa = PBXGroup;
			children = (
				165FA67E241F815C004305E8 /* SplitViewDemo.app */,
				165FA690241F8164004305E8 /* SplitViewDemoTests.xctest */,
				165FA69B241F8164004305E8 /* SplitViewDemoUITests.xctest */,
			);
			name = Products;
			sourceTree = "<group>";
		};
		165FA680241F815C004305E8 /* SplitViewDemo */ = {
			isa = PBXGroup;
			children = (
				165FA6B6241F88E7004305E8 /* Appdelegate */,
				1670293B242C2CDE00E746DA /* MainSkeleton */,
				16702936242C2B9700E746DA /* Login */,
				165FA6B9241F892B004305E8 /* ToolBar */,
				16B37E84241F8C6A00342A08 /* EntranceList */,
				16B37E8D241F8FBF00342A08 /* RootDirList */,
				16B37E8E241F8FE000342A08 /* SubFileList */,
				16B37E8F241F8FED00342A08 /* FileAttribute */,
				165FA6B5241F88D0004305E8 /* Helper */,
				165FA685241F8164004305E8 /* Assets.xcassets */,
				165FA68A241F8164004305E8 /* Info.plist */,
				165FA68B241F8164004305E8 /* SplitViewDemo.entitlements */,
			);
			path = SplitViewDemo;
			sourceTree = "<group>";
		};
		165FA693241F8164004305E8 /* SplitViewDemoTests */ = {
			isa = PBXGroup;
			children = (
				165FA694241F8164004305E8 /* SplitViewDemoTests.swift */,
				165FA696241F8164004305E8 /* Info.plist */,
			);
			path = SplitViewDemoTests;
			sourceTree = "<group>";
		};
		165FA69E241F8164004305E8 /* SplitViewDemoUITests */ = {
			isa = PBXGroup;
			children = (
				165FA69F241F8164004305E8 /* SplitViewDemoUITests.swift */,
				165FA6A1241F8164004305E8 /* Info.plist */,
			);
			path = SplitViewDemoUITests;
			sourceTree = "<group>";
		};
		165FA6B5241F88D0004305E8 /* Helper */ = {
			isa = PBXGroup;
			children = (
				165FA6AF241F8219004305E8 /* ContentViewController.swift */,
				16B37EA2241F976700342A08 /* BaseSplitViewController.swift */,
				16B37EA4241F977E00342A08 /* BaseSplitView.swift */,
			);
			path = Helper;
			sourceTree = "<group>";
		};
		165FA6B6241F88E7004305E8 /* Appdelegate */ = {
			isa = PBXGroup;
			children = (
				165FA6B3241F86B6004305E8 /* main.swift */,
				165FA681241F815C004305E8 /* AppDelegate.swift */,
				16702937242C2C6000E746DA /* SwitchLoginMain.swift */,
			);
			path = Appdelegate;
			sourceTree = "<group>";
		};
		165FA6B9241F892B004305E8 /* ToolBar */ = {
			isa = PBXGroup;
			children = (
				165FA6B7241F8925004305E8 /* ToolbarViewController.swift */,
				165FA6BC241F8A46004305E8 /* PageAToolbarViewController.swift */,
			);
			path = ToolBar;
			sourceTree = "<group>";
		};
		16702936242C2B9700E746DA /* Login */ = {
			isa = PBXGroup;
			children = (
				16702939242C2CD400E746DA /* LoginWindowController.swift */,
				1670293C242C2F9800E746DA /* LoginViewController.swift */,
			);
			path = Login;
			sourceTree = "<group>";
		};
		1670293B242C2CDE00E746DA /* MainSkeleton */ = {
			isa = PBXGroup;
			children = (
				165FA6B1241F8649004305E8 /* MainWindowController.swift */,
				165FA683241F815C004305E8 /* ViewController.swift */,
				165FA6AD241F81D7004305E8 /* VerticalSplitViewController.swift */,
				16B37E8B241F8EF400342A08 /* HorizontalSplitViewController.swift */,
			);
			path = MainSkeleton;
			sourceTree = "<group>";
		};
		16B37E84241F8C6A00342A08 /* EntranceList */ = {
			isa = PBXGroup;
			children = (
				16B37E9C241F910100342A08 /* EntranceTabViewController.swift */,
				16B37E85241F8CF700342A08 /* EntranceListSplitViewController.swift */,
				16B37E87241F8D5E00342A08 /* EntranceTableViewController.swift */,
				16B37E89241F8D7400342A08 /* SettingViewController.swift */,
			);
			path = EntranceList;
			sourceTree = "<group>";
		};
		16B37E8D241F8FBF00342A08 /* RootDirList */ = {
			isa = PBXGroup;
			children = (
				16B37E9E241F94F900342A08 /* RootDirListSplitViewController.swift */,
				16B37E96241F909F00342A08 /* RootDirListViewController.swift */,
			);
			path = RootDirList;
			sourceTree = "<group>";
		};
		16B37E8E241F8FE000342A08 /* SubFileList */ = {
			isa = PBXGroup;
			children = (
				16B37E98241F90B400342A08 /* SubFileListViewController.swift */,
			);
			path = SubFileList;
			sourceTree = "<group>";
		};
		16B37E8F241F8FED00342A08 /* FileAttribute */ = {
			isa = PBXGroup;
			children = (
				16B37E9A241F90C700342A08 /* FileAttributeViewController.swift */,
			);
			path = FileAttribute;
			sourceTree = "<group>";
		};
		3EF07AD5EAD9106BB2E75743 /* Pods */ = {
			isa = PBXGroup;
			children = (
				2072925D0FF25D7640E74A75 /* Pods-SplitViewDemo.debug.xcconfig */,
				A6692670802154F5E9D6AFAB /* Pods-SplitViewDemo.release.xcconfig */,
				45D91D2BEF1FE69EE9E18F98 /* Pods-SplitViewDemo-SplitViewDemoUITests.debug.xcconfig */,
				F65DE76D4ED2A9CEC71BEB1C /* Pods-SplitViewDemo-SplitViewDemoUITests.release.xcconfig */,
				23BB078D6AB5F23D3C5CA1C1 /* Pods-SplitViewDemoTests.debug.xcconfig */,
				96B3CAED54D96CDF513E4EF3 /* Pods-SplitViewDemoTests.release.xcconfig */,
			);
			path = Pods;
			sourceTree = "<group>";
		};
		E196D4687162331EEDA61FC8 /* Frameworks */ = {
			isa = PBXGroup;
			children = (
				5BAE63D3DE6ABF97DEE97FD8 /* Pods_SplitViewDemo.framework */,
				EDFAA0247953724382F82991 /* Pods_SplitViewDemo_SplitViewDemoUITests.framework */,
				DB83CC691D4E54F3CD7BF344 /* Pods_SplitViewDemoTests.framework */,
			);
			name = Frameworks;
			sourceTree = "<group>";
		};
/* End PBXGroup section */

/* Begin PBXNativeTarget section */
		165FA67D241F815C004305E8 /* SplitViewDemo */ = {
			isa = PBXNativeTarget;
			buildConfigurationList = 165FA6A4241F8164004305E8 /* Build configuration list for PBXNativeTarget "SplitViewDemo" */;
			buildPhases = (
				A5C3E7DFA579C233DA426B1D /* [CP] Check Pods Manifest.lock */,
				165FA67A241F815C004305E8 /* Sources */,
				165FA67B241F815C004305E8 /* Frameworks */,
				165FA67C241F815C004305E8 /* Resources */,
				D9A61F1AE706859E43374048 /* [CP] Embed Pods Frameworks */,
			);
			buildRules = (
			);
			dependencies = (
			);
			name = SplitViewDemo;
			productName = SplitViewDemo;
			productReference = 165FA67E241F815C004305E8 /* SplitViewDemo.app */;
			productType = "com.apple.product-type.application";
		};
		165FA68F241F8164004305E8 /* SplitViewDemoTests */ = {
			isa = PBXNativeTarget;
			buildConfigurationList = 165FA6A7241F8164004305E8 /* Build configuration list for PBXNativeTarget "SplitViewDemoTests" */;
			buildPhases = (
				5F20AC9818CDF98933770D2D /* [CP] Check Pods Manifest.lock */,
				165FA68C241F8164004305E8 /* Sources */,
				165FA68D241F8164004305E8 /* Frameworks */,
				165FA68E241F8164004305E8 /* Resources */,
			);
			buildRules = (
			);
			dependencies = (
				165FA692241F8164004305E8 /* PBXTargetDependency */,
			);
			name = SplitViewDemoTests;
			productName = SplitViewDemoTests;
			productReference = 165FA690241F8164004305E8 /* SplitViewDemoTests.xctest */;
			productType = "com.apple.product-type.bundle.unit-test";
		};
		165FA69A241F8164004305E8 /* SplitViewDemoUITests */ = {
			isa = PBXNativeTarget;
			buildConfigurationList = 165FA6AA241F8164004305E8 /* Build configuration list for PBXNativeTarget "SplitViewDemoUITests" */;
			buildPhases = (
				6F3D60AA1E52CBE35E51074D /* [CP] Check Pods Manifest.lock */,
				165FA697241F8164004305E8 /* Sources */,
				165FA698241F8164004305E8 /* Frameworks */,
				165FA699241F8164004305E8 /* Resources */,
				4393807CC59EC452B91B74D3 /* [CP] Embed Pods Frameworks */,
			);
			buildRules = (
			);
			dependencies = (
				165FA69D241F8164004305E8 /* PBXTargetDependency */,
			);
			name = SplitViewDemoUITests;
			productName = SplitViewDemoUITests;
			productReference = 165FA69B241F8164004305E8 /* SplitViewDemoUITests.xctest */;
			productType = "com.apple.product-type.bundle.ui-testing";
		};
/* End PBXNativeTarget section */

/* Begin PBXProject section */
		165FA676241F815C004305E8 /* Project object */ = {
			isa = PBXProject;
			attributes = {
				LastSwiftUpdateCheck = 1110;
				LastUpgradeCheck = 1110;
				ORGANIZATIONNAME = com.wujungao;
				TargetAttributes = {
					165FA67D241F815C004305E8 = {
						CreatedOnToolsVersion = 11.1;
					};
					165FA68F241F8164004305E8 = {
						CreatedOnToolsVersion = 11.1;
						TestTargetID = 165FA67D241F815C004305E8;
					};
					165FA69A241F8164004305E8 = {
						CreatedOnToolsVersion = 11.1;
						TestTargetID = 165FA67D241F815C004305E8;
					};
				};
			};
			buildConfigurationList = 165FA679241F815C004305E8 /* Build configuration list for PBXProject "SplitViewDemo" */;
			compatibilityVersion = "Xcode 9.3";
			developmentRegion = en;
			hasScannedForEncodings = 0;
			knownRegions = (
				en,
				Base,
			);
			mainGroup = 165FA675241F815C004305E8;
			productRefGroup = 165FA67F241F815C004305E8 /* Products */;
			projectDirPath = "";
			projectRoot = "";
			targets = (
				165FA67D241F815C004305E8 /* SplitViewDemo */,
				165FA68F241F8164004305E8 /* SplitViewDemoTests */,
				165FA69A241F8164004305E8 /* SplitViewDemoUITests */,
			);
		};
/* End PBXProject section */

/* Begin PBXResourcesBuildPhase section */
		165FA67C241F815C004305E8 /* Resources */ = {
			isa = PBXResourcesBuildPhase;
			buildActionMask = 2147483647;
			files = (
				165FA686241F8164004305E8 /* Assets.xcassets in Resources */,
			);
			runOnlyForDeploymentPostprocessing = 0;
		};
		165FA68E241F8164004305E8 /* Resources */ = {
			isa = PBXResourcesBuildPhase;
			buildActionMask = 2147483647;
			files = (
			);
			runOnlyForDeploymentPostprocessing = 0;
		};
		165FA699241F8164004305E8 /* Resources */ = {
			isa = PBXResourcesBuildPhase;
			buildActionMask = 2147483647;
			files = (
			);
			runOnlyForDeploymentPostprocessing = 0;
		};
/* End PBXResourcesBuildPhase section */

/* Begin PBXShellScriptBuildPhase section */
		4393807CC59EC452B91B74D3 /* [CP] Embed Pods Frameworks */ = {
			isa = PBXShellScriptBuildPhase;
			buildActionMask = 2147483647;
			files = (
			);
			inputFileListPaths = (
				"${PODS_ROOT}/Target Support Files/Pods-SplitViewDemo-SplitViewDemoUITests/Pods-SplitViewDemo-SplitViewDemoUITests-frameworks-${CONFIGURATION}-input-files.xcfilelist",
			);
			name = "[CP] Embed Pods Frameworks";
			outputFileListPaths = (
				"${PODS_ROOT}/Target Support Files/Pods-SplitViewDemo-SplitViewDemoUITests/Pods-SplitViewDemo-SplitViewDemoUITests-frameworks-${CONFIGURATION}-output-files.xcfilelist",
			);
			runOnlyForDeploymentPostprocessing = 0;
			shellPath = /bin/sh;
			shellScript = "\"${PODS_ROOT}/Target Support Files/Pods-SplitViewDemo-SplitViewDemoUITests/Pods-SplitViewDemo-SplitViewDemoUITests-frameworks.sh\"\n";
			showEnvVarsInLog = 0;
		};
		5F20AC9818CDF98933770D2D /* [CP] Check Pods Manifest.lock */ = {
			isa = PBXShellScriptBuildPhase;
			buildActionMask = 2147483647;
			files = (
			);
			inputFileListPaths = (
			);
			inputPaths = (
				"${PODS_PODFILE_DIR_PATH}/Podfile.lock",
				"${PODS_ROOT}/Manifest.lock",
			);
			name = "[CP] Check Pods Manifest.lock";
			outputFileListPaths = (
			);
			outputPaths = (
				"$(DERIVED_FILE_DIR)/Pods-SplitViewDemoTests-checkManifestLockResult.txt",
			);
			runOnlyForDeploymentPostprocessing = 0;
			shellPath = /bin/sh;
			shellScript = "diff \"${PODS_PODFILE_DIR_PATH}/Podfile.lock\" \"${PODS_ROOT}/Manifest.lock\" > /dev/null\nif [ $? != 0 ] ; then\n    # print error to STDERR\n    echo \"error: The sandbox is not in sync with the Podfile.lock. Run 'pod install' or update your CocoaPods installation.\" >&2\n    exit 1\nfi\n# This output is used by Xcode 'outputs' to avoid re-running this script phase.\necho \"SUCCESS\" > \"${SCRIPT_OUTPUT_FILE_0}\"\n";
			showEnvVarsInLog = 0;
		};
		6F3D60AA1E52CBE35E51074D /* [CP] Check Pods Manifest.lock */ = {
			isa = PBXShellScriptBuildPhase;
			buildActionMask = 2147483647;
			files = (
			);
			inputFileListPaths = (
			);
			inputPaths = (
				"${PODS_PODFILE_DIR_PATH}/Podfile.lock",
				"${PODS_ROOT}/Manifest.lock",
			);
			name = "[CP] Check Pods Manifest.lock";
			outputFileListPaths = (
			);
			outputPaths = (
				"$(DERIVED_FILE_DIR)/Pods-SplitViewDemo-SplitViewDemoUITests-checkManifestLockResult.txt",
			);
			runOnlyForDeploymentPostprocessing = 0;
			shellPath = /bin/sh;
			shellScript = "diff \"${PODS_PODFILE_DIR_PATH}/Podfile.lock\" \"${PODS_ROOT}/Manifest.lock\" > /dev/null\nif [ $? != 0 ] ; then\n    # print error to STDERR\n    echo \"error: The sandbox is not in sync with the Podfile.lock. Run 'pod install' or update your CocoaPods installation.\" >&2\n    exit 1\nfi\n# This output is used by Xcode 'outputs' to avoid re-running this script phase.\necho \"SUCCESS\" > \"${SCRIPT_OUTPUT_FILE_0}\"\n";
			showEnvVarsInLog = 0;
		};
		A5C3E7DFA579C233DA426B1D /* [CP] Check Pods Manifest.lock */ = {
			isa = PBXShellScriptBuildPhase;
			buildActionMask = 2147483647;
			files = (
			);
			inputFileListPaths = (
			);
			inputPaths = (
				"${PODS_PODFILE_DIR_PATH}/Podfile.lock",
				"${PODS_ROOT}/Manifest.lock",
			);
			name = "[CP] Check Pods Manifest.lock";
			outputFileListPaths = (
			);
			outputPaths = (
				"$(DERIVED_FILE_DIR)/Pods-SplitViewDemo-checkManifestLockResult.txt",
			);
			runOnlyForDeploymentPostprocessing = 0;
			shellPath = /bin/sh;
			shellScript = "diff \"${PODS_PODFILE_DIR_PATH}/Podfile.lock\" \"${PODS_ROOT}/Manifest.lock\" > /dev/null\nif [ $? != 0 ] ; then\n    # print error to STDERR\n    echo \"error: The sandbox is not in sync with the Podfile.lock. Run 'pod install' or update your CocoaPods installation.\" >&2\n    exit 1\nfi\n# This output is used by Xcode 'outputs' to avoid re-running this script phase.\necho \"SUCCESS\" > \"${SCRIPT_OUTPUT_FILE_0}\"\n";
			showEnvVarsInLog = 0;
		};
		D9A61F1AE706859E43374048 /* [CP] Embed Pods Frameworks */ = {
			isa = PBXShellScriptBuildPhase;
			buildActionMask = 2147483647;
			files = (
			);
			inputFileListPaths = (
				"${PODS_ROOT}/Target Support Files/Pods-SplitViewDemo/Pods-SplitViewDemo-frameworks-${CONFIGURATION}-input-files.xcfilelist",
			);
			name = "[CP] Embed Pods Frameworks";
			outputFileListPaths = (
				"${PODS_ROOT}/Target Support Files/Pods-SplitViewDemo/Pods-SplitViewDemo-frameworks-${CONFIGURATION}-output-files.xcfilelist",
			);
			runOnlyForDeploymentPostprocessing = 0;
			shellPath = /bin/sh;
			shellScript = "\"${PODS_ROOT}/Target Support Files/Pods-SplitViewDemo/Pods-SplitViewDemo-frameworks.sh\"\n";
			showEnvVarsInLog = 0;
		};
/* End PBXShellScriptBuildPhase section */

/* Begin PBXSourcesBuildPhase section */
		165FA67A241F815C004305E8 /* Sources */ = {
			isa = PBXSourcesBuildPhase;
			buildActionMask = 2147483647;
			files = (
				16702938242C2C6000E746DA /* SwitchLoginMain.swift in Sources */,
				16B37E9D241F910100342A08 /* EntranceTabViewController.swift in Sources */,
				165FA6B0241F8219004305E8 /* ContentViewController.swift in Sources */,
				16B37E8A241F8D7400342A08 /* SettingViewController.swift in Sources */,
				165FA684241F815C004305E8 /* ViewController.swift in Sources */,
				16B37E86241F8CF700342A08 /* EntranceListSplitViewController.swift in Sources */,
				165FA6B4241F86B7004305E8 /* main.swift in Sources */,
				165FA6B2241F8649004305E8 /* MainWindowController.swift in Sources */,
				165FA682241F815C004305E8 /* AppDelegate.swift in Sources */,
				16B37E8C241F8EF400342A08 /* HorizontalSplitViewController.swift in Sources */,
				1670293D242C2F9800E746DA /* LoginViewController.swift in Sources */,
				165FA6AE241F81D7004305E8 /* VerticalSplitViewController.swift in Sources */,
				16B37EA3241F976700342A08 /* BaseSplitViewController.swift in Sources */,
				16B37E9B241F90C700342A08 /* FileAttributeViewController.swift in Sources */,
				1670293A242C2CD400E746DA /* LoginWindowController.swift in Sources */,
				16B37E9F241F94F900342A08 /* RootDirListSplitViewController.swift in Sources */,
				16B37E99241F90B400342A08 /* SubFileListViewController.swift in Sources */,
				16B37E88241F8D5E00342A08 /* EntranceTableViewController.swift in Sources */,
				16B37EA5241F977E00342A08 /* BaseSplitView.swift in Sources */,
				16B37E97241F909F00342A08 /* RootDirListViewController.swift in Sources */,
				165FA6BD241F8A46004305E8 /* PageAToolbarViewController.swift in Sources */,
				165FA6B8241F8925004305E8 /* ToolbarViewController.swift in Sources */,
			);
			runOnlyForDeploymentPostprocessing = 0;
		};
		165FA68C241F8164004305E8 /* Sources */ = {
			isa = PBXSourcesBuildPhase;
			buildActionMask = 2147483647;
			files = (
				165FA695241F8164004305E8 /* SplitViewDemoTests.swift in Sources */,
			);
			runOnlyForDeploymentPostprocessing = 0;
		};
		165FA697241F8164004305E8 /* Sources */ = {
			isa = PBXSourcesBuildPhase;
			buildActionMask = 2147483647;
			files = (
				165FA6A0241F8164004305E8 /* SplitViewDemoUITests.swift in Sources */,
			);
			runOnlyForDeploymentPostprocessing = 0;
		};
/* End PBXSourcesBuildPhase section */

/* Begin PBXTargetDependency section */
		165FA692241F8164004305E8 /* PBXTargetDependency */ = {
			isa = PBXTargetDependency;
			target = 165FA67D241F815C004305E8 /* SplitViewDemo */;
			targetProxy = 165FA691241F8164004305E8 /* PBXContainerItemProxy */;
		};
		165FA69D241F8164004305E8 /* PBXTargetDependency */ = {
			isa = PBXTargetDependency;
			target = 165FA67D241F815C004305E8 /* SplitViewDemo */;
			targetProxy = 165FA69C241F8164004305E8 /* PBXContainerItemProxy */;
		};
/* End PBXTargetDependency section */

/* Begin XCBuildConfiguration section */
		165FA6A2241F8164004305E8 /* Debug */ = {
			isa = XCBuildConfiguration;
			buildSettings = {
				ALWAYS_SEARCH_USER_PATHS = NO;
				CLANG_ANALYZER_NONNULL = YES;
				CLANG_ANALYZER_NUMBER_OBJECT_CONVERSION = YES_AGGRESSIVE;
				CLANG_CXX_LANGUAGE_STANDARD = "gnu++14";
				CLANG_CXX_LIBRARY = "libc++";
				CLANG_ENABLE_MODULES = YES;
				CLANG_ENABLE_OBJC_ARC = YES;
				CLANG_ENABLE_OBJC_WEAK = YES;
				CLANG_WARN_BLOCK_CAPTURE_AUTORELEASING = YES;
				CLANG_WARN_BOOL_CONVERSION = YES;
				CLANG_WARN_COMMA = YES;
				CLANG_WARN_CONSTANT_CONVERSION = YES;
				CLANG_WARN_DEPRECATED_OBJC_IMPLEMENTATIONS = YES;
				CLANG_WARN_DIRECT_OBJC_ISA_USAGE = YES_ERROR;
				CLANG_WARN_DOCUMENTATION_COMMENTS = YES;
				CLANG_WARN_EMPTY_BODY = YES;
				CLANG_WARN_ENUM_CONVERSION = YES;
				CLANG_WARN_INFINITE_RECURSION = YES;
				CLANG_WARN_INT_CONVERSION = YES;
				CLANG_WARN_NON_LITERAL_NULL_CONVERSION = YES;
				CLANG_WARN_OBJC_IMPLICIT_RETAIN_SELF = YES;
				CLANG_WARN_OBJC_LITERAL_CONVERSION = YES;
				CLANG_WARN_OBJC_ROOT_CLASS = YES_ERROR;
				CLANG_WARN_RANGE_LOOP_ANALYSIS = YES;
				CLANG_WARN_STRICT_PROTOTYPES = YES;
				CLANG_WARN_SUSPICIOUS_MOVE = YES;
				CLANG_WARN_UNGUARDED_AVAILABILITY = YES_AGGRESSIVE;
				CLANG_WARN_UNREACHABLE_CODE = YES;
				CLANG_WARN__DUPLICATE_METHOD_MATCH = YES;
				COPY_PHASE_STRIP = NO;
				DEBUG_INFORMATION_FORMAT = dwarf;
				ENABLE_STRICT_OBJC_MSGSEND = YES;
				ENABLE_TESTABILITY = YES;
				GCC_C_LANGUAGE_STANDARD = gnu11;
				GCC_DYNAMIC_NO_PIC = NO;
				GCC_NO_COMMON_BLOCKS = YES;
				GCC_OPTIMIZATION_LEVEL = 0;
				GCC_PREPROCESSOR_DEFINITIONS = (
					"DEBUG=1",
					"$(inherited)",
				);
				GCC_WARN_64_TO_32_BIT_CONVERSION = YES;
				GCC_WARN_ABOUT_RETURN_TYPE = YES_ERROR;
				GCC_WARN_UNDECLARED_SELECTOR = YES;
				GCC_WARN_UNINITIALIZED_AUTOS = YES_AGGRESSIVE;
				GCC_WARN_UNUSED_FUNCTION = YES;
				GCC_WARN_UNUSED_VARIABLE = YES;
				MACOSX_DEPLOYMENT_TARGET = 10.12;
				MTL_ENABLE_DEBUG_INFO = INCLUDE_SOURCE;
				MTL_FAST_MATH = YES;
				ONLY_ACTIVE_ARCH = YES;
				SDKROOT = macosx;
				SWIFT_ACTIVE_COMPILATION_CONDITIONS = DEBUG;
				SWIFT_OPTIMIZATION_LEVEL = "-Onone";
			};
			name = Debug;
		};
		165FA6A3241F8164004305E8 /* Release */ = {
			isa = XCBuildConfiguration;
			buildSettings = {
				ALWAYS_SEARCH_USER_PATHS = NO;
				CLANG_ANALYZER_NONNULL = YES;
				CLANG_ANALYZER_NUMBER_OBJECT_CONVERSION = YES_AGGRESSIVE;
				CLANG_CXX_LANGUAGE_STANDARD = "gnu++14";
				CLANG_CXX_LIBRARY = "libc++";
				CLANG_ENABLE_MODULES = YES;
				CLANG_ENABLE_OBJC_ARC = YES;
				CLANG_ENABLE_OBJC_WEAK = YES;
				CLANG_WARN_BLOCK_CAPTURE_AUTORELEASING = YES;
				CLANG_WARN_BOOL_CONVERSION = YES;
				CLANG_WARN_COMMA = YES;
				CLANG_WARN_CONSTANT_CONVERSION = YES;
				CLANG_WARN_DEPRECATED_OBJC_IMPLEMENTATIONS = YES;
				CLANG_WARN_DIRECT_OBJC_ISA_USAGE = YES_ERROR;
				CLANG_WARN_DOCUMENTATION_COMMENTS = YES;
				CLANG_WARN_EMPTY_BODY = YES;
				CLANG_WARN_ENUM_CONVERSION = YES;
				CLANG_WARN_INFINITE_RECURSION = YES;
				CLANG_WARN_INT_CONVERSION = YES;
				CLANG_WARN_NON_LITERAL_NULL_CONVERSION = YES;
				CLANG_WARN_OBJC_IMPLICIT_RETAIN_SELF = YES;
				CLANG_WARN_OBJC_LITERAL_CONVERSION = YES;
				CLANG_WARN_OBJC_ROOT_CLASS = YES_ERROR;
				CLANG_WARN_RANGE_LOOP_ANALYSIS = YES;
				CLANG_WARN_STRICT_PROTOTYPES = YES;
				CLANG_WARN_SUSPICIOUS_MOVE = YES;
				CLANG_WARN_UNGUARDED_AVAILABILITY = YES_AGGRESSIVE;
				CLANG_WARN_UNREACHABLE_CODE = YES;
				CLANG_WARN__DUPLICATE_METHOD_MATCH = YES;
				COPY_PHASE_STRIP = NO;
				DEBUG_INFORMATION_FORMAT = "dwarf-with-dsym";
				ENABLE_NS_ASSERTIONS = NO;
				ENABLE_STRICT_OBJC_MSGSEND = YES;
				GCC_C_LANGUAGE_STANDARD = gnu11;
				GCC_NO_COMMON_BLOCKS = YES;
				GCC_WARN_64_TO_32_BIT_CONVERSION = YES;
				GCC_WARN_ABOUT_RETURN_TYPE = YES_ERROR;
				GCC_WARN_UNDECLARED_SELECTOR = YES;
				GCC_WARN_UNINITIALIZED_AUTOS = YES_AGGRESSIVE;
				GCC_WARN_UNUSED_FUNCTION = YES;
				GCC_WARN_UNUSED_VARIABLE = YES;
				MACOSX_DEPLOYMENT_TARGET = 10.12;
				MTL_ENABLE_DEBUG_INFO = NO;
				MTL_FAST_MATH = YES;
				SDKROOT = macosx;
				SWIFT_COMPILATION_MODE = wholemodule;
				SWIFT_OPTIMIZATION_LEVEL = "-O";
			};
			name = Release;
		};
		165FA6A5241F8164004305E8 /* Debug */ = {
			isa = XCBuildConfiguration;
			baseConfigurationReference = 2072925D0FF25D7640E74A75 /* Pods-SplitViewDemo.debug.xcconfig */;
			buildSettings = {
				ASSETCATALOG_COMPILER_APPICON_NAME = AppIcon;
				CODE_SIGN_ENTITLEMENTS = SplitViewDemo/SplitViewDemo.entitlements;
				CODE_SIGN_STYLE = Automatic;
				COMBINE_HIDPI_IMAGES = YES;
				DEVELOPMENT_TEAM = SGP5WX546J;
				ENABLE_HARDENED_RUNTIME = YES;
				INFOPLIST_FILE = SplitViewDemo/Info.plist;
				LD_RUNPATH_SEARCH_PATHS = (
					"$(inherited)",
					"@executable_path/../Frameworks",
				);
				MACOSX_DEPLOYMENT_TARGET = 10.12;
				PRODUCT_BUNDLE_IDENTIFIER = proj.demo.SplitViewDemo;
				PRODUCT_NAME = "$(TARGET_NAME)";
				SWIFT_VERSION = 5.0;
			};
			name = Debug;
		};
		165FA6A6241F8164004305E8 /* Release */ = {
			isa = XCBuildConfiguration;
			baseConfigurationReference = A6692670802154F5E9D6AFAB /* Pods-SplitViewDemo.release.xcconfig */;
			buildSettings = {
				ASSETCATALOG_COMPILER_APPICON_NAME = AppIcon;
				CODE_SIGN_ENTITLEMENTS = SplitViewDemo/SplitViewDemo.entitlements;
				CODE_SIGN_STYLE = Automatic;
				COMBINE_HIDPI_IMAGES = YES;
				DEVELOPMENT_TEAM = SGP5WX546J;
				ENABLE_HARDENED_RUNTIME = YES;
				INFOPLIST_FILE = SplitViewDemo/Info.plist;
				LD_RUNPATH_SEARCH_PATHS = (
					"$(inherited)",
					"@executable_path/../Frameworks",
				);
				MACOSX_DEPLOYMENT_TARGET = 10.12;
				PRODUCT_BUNDLE_IDENTIFIER = proj.demo.SplitViewDemo;
				PRODUCT_NAME = "$(TARGET_NAME)";
				SWIFT_VERSION = 5.0;
			};
			name = Release;
		};
		165FA6A8241F8164004305E8 /* Debug */ = {
			isa = XCBuildConfiguration;
			baseConfigurationReference = 23BB078D6AB5F23D3C5CA1C1 /* Pods-SplitViewDemoTests.debug.xcconfig */;
			buildSettings = {
				ALWAYS_EMBED_SWIFT_STANDARD_LIBRARIES = YES;
				BUNDLE_LOADER = "$(TEST_HOST)";
				CODE_SIGN_STYLE = Automatic;
				COMBINE_HIDPI_IMAGES = YES;
				DEVELOPMENT_TEAM = SGP5WX546J;
				INFOPLIST_FILE = SplitViewDemoTests/Info.plist;
				LD_RUNPATH_SEARCH_PATHS = (
					"$(inherited)",
					"@executable_path/../Frameworks",
					"@loader_path/../Frameworks",
				);
				MACOSX_DEPLOYMENT_TARGET = 10.14;
				PRODUCT_BUNDLE_IDENTIFIER = proj.demo.SplitViewDemoTests;
				PRODUCT_NAME = "$(TARGET_NAME)";
				SWIFT_VERSION = 5.0;
				TEST_HOST = "$(BUILT_PRODUCTS_DIR)/SplitViewDemo.app/Contents/MacOS/SplitViewDemo";
			};
			name = Debug;
		};
		165FA6A9241F8164004305E8 /* Release */ = {
			isa = XCBuildConfiguration;
			baseConfigurationReference = 96B3CAED54D96CDF513E4EF3 /* Pods-SplitViewDemoTests.release.xcconfig */;
			buildSettings = {
				ALWAYS_EMBED_SWIFT_STANDARD_LIBRARIES = YES;
				BUNDLE_LOADER = "$(TEST_HOST)";
				CODE_SIGN_STYLE = Automatic;
				COMBINE_HIDPI_IMAGES = YES;
				DEVELOPMENT_TEAM = SGP5WX546J;
				INFOPLIST_FILE = SplitViewDemoTests/Info.plist;
				LD_RUNPATH_SEARCH_PATHS = (
					"$(inherited)",
					"@executable_path/../Frameworks",
					"@loader_path/../Frameworks",
				);
				MACOSX_DEPLOYMENT_TARGET = 10.14;
				PRODUCT_BUNDLE_IDENTIFIER = proj.demo.SplitViewDemoTests;
				PRODUCT_NAME = "$(TARGET_NAME)";
				SWIFT_VERSION = 5.0;
				TEST_HOST = "$(BUILT_PRODUCTS_DIR)/SplitViewDemo.app/Contents/MacOS/SplitViewDemo";
			};
			name = Release;
		};
		165FA6AB241F8164004305E8 /* Debug */ = {
			isa = XCBuildConfiguration;
			baseConfigurationReference = 45D91D2BEF1FE69EE9E18F98 /* Pods-SplitViewDemo-SplitViewDemoUITests.debug.xcconfig */;
			buildSettings = {
				ALWAYS_EMBED_SWIFT_STANDARD_LIBRARIES = YES;
				CODE_SIGN_STYLE = Automatic;
				COMBINE_HIDPI_IMAGES = YES;
				DEVELOPMENT_TEAM = SGP5WX546J;
				INFOPLIST_FILE = SplitViewDemoUITests/Info.plist;
				LD_RUNPATH_SEARCH_PATHS = (
					"$(inherited)",
					"@executable_path/../Frameworks",
					"@loader_path/../Frameworks",
				);
				PRODUCT_BUNDLE_IDENTIFIER = proj.demo.SplitViewDemoUITests;
				PRODUCT_NAME = "$(TARGET_NAME)";
				SWIFT_VERSION = 5.0;
				TEST_TARGET_NAME = SplitViewDemo;
			};
			name = Debug;
		};
		165FA6AC241F8164004305E8 /* Release */ = {
			isa = XCBuildConfiguration;
			baseConfigurationReference = F65DE76D4ED2A9CEC71BEB1C /* Pods-SplitViewDemo-SplitViewDemoUITests.release.xcconfig */;
			buildSettings = {
				ALWAYS_EMBED_SWIFT_STANDARD_LIBRARIES = YES;
				CODE_SIGN_STYLE = Automatic;
				COMBINE_HIDPI_IMAGES = YES;
				DEVELOPMENT_TEAM = SGP5WX546J;
				INFOPLIST_FILE = SplitViewDemoUITests/Info.plist;
				LD_RUNPATH_SEARCH_PATHS = (
					"$(inherited)",
					"@executable_path/../Frameworks",
					"@loader_path/../Frameworks",
				);
				PRODUCT_BUNDLE_IDENTIFIER = proj.demo.SplitViewDemoUITests;
				PRODUCT_NAME = "$(TARGET_NAME)";
				SWIFT_VERSION = 5.0;
				TEST_TARGET_NAME = SplitViewDemo;
			};
			name = Release;
		};
/* End XCBuildConfiguration section */

/* Begin XCConfigurationList section */
		165FA679241F815C004305E8 /* Build configuration list for PBXProject "SplitViewDemo" */ = {
			isa = XCConfigurationList;
			buildConfigurations = (
				165FA6A2241F8164004305E8 /* Debug */,
				165FA6A3241F8164004305E8 /* Release */,
			);
			defaultConfigurationIsVisible = 0;
			defaultConfigurationName = Release;
		};
		165FA6A4241F8164004305E8 /* Build configuration list for PBXNativeTarget "SplitViewDemo" */ = {
			isa = XCConfigurationList;
			buildConfigurations = (
				165FA6A5241F8164004305E8 /* Debug */,
				165FA6A6241F8164004305E8 /* Release */,
			);
			defaultConfigurationIsVisible = 0;
			defaultConfigurationName = Release;
		};
		165FA6A7241F8164004305E8 /* Build configuration list for PBXNativeTarget "SplitViewDemoTests" */ = {
			isa = XCConfigurationList;
			buildConfigurations = (
				165FA6A8241F8164004305E8 /* Debug */,
				165FA6A9241F8164004305E8 /* Release */,
			);
			defaultConfigurationIsVisible = 0;
			defaultConfigurationName = Release;
		};
		165FA6AA241F8164004305E8 /* Build configuration list for PBXNativeTarget "SplitViewDemoUITests" */ = {
			isa = XCConfigurationList;
			buildConfigurations = (
				165FA6AB241F8164004305E8 /* Debug */,
				165FA6AC241F8164004305E8 /* Release */,
			);
			defaultConfigurationIsVisible = 0;
			defaultConfigurationName = Release;
		};
/* End XCConfigurationList section */
	};
	rootObject = 165FA676241F815C004305E8 /* Project object */;
}
